
Microsoft Visual Studio Solution File, Format Version 12.00
# Visual Studio 14
VisualStudioVersion = 14.0.23107.0
MinimumVisualStudioVersion = 10.0.40219.1
Project("{FAE04EC0-301F-11D3-BF4B-00C04F79EFBC}") = "Assembly-CSharp.Base.mm", "Assembly-CSharp.Base.mm\Assembly-CSharp.Base.mm.csproj", "{363A46E8-D9DD-4F31-9307-73B664E71D45}"
EndProject
Project("{FAE04EC0-301F-11D3-BF4B-00C04F79EFBC}") = "UnityEngine.CoreModule.Base.mm", "UnityEngine.Base.mm\UnityEngine.CoreModule.Base.mm.csproj", "{3C105AF3-D405-4536-B45E-C764D6ED84C7}"
EndProject
Project("{FAE04EC0-301F-11D3-BF4B-00C04F79EFBC}") = "MonoDebugDummy", "MonoDebugDummy\MonoDebugDummy.csproj", "{F1235018-66D7-4365-AAB1-1CE170132B4A}"
EndProject
Project("{FAE04EC0-301F-11D3-BF4B-00C04F79EFBC}") = "YamlDotNet", "libs\YamlDotNet\YamlDotNet\YamlDotNet.csproj", "{BF32DE1B-6276-4341-B212-F8862ADBBA7A}"
EndProject
Global
	GlobalSection(SolutionConfigurationPlatforms) = preSolution
		Debug|Any CPU = Debug|Any CPU
		net_2_0_Release|Any CPU = net_2_0_Release|Any CPU
		net_3_5_Debug|Any CPU = net_3_5_Debug|Any CPU
		net_3_5_Release|Any CPU = net_3_5_Release|Any CPU
		net_4_0_Debug|Any CPU = net_4_0_Debug|Any CPU
		net_4_0_Release|Any CPU = net_4_0_Release|Any CPU
		net_4_5_Debug|Any CPU = net_4_5_Debug|Any CPU
		net_4_5_Release|Any CPU = net_4_5_Release|Any CPU
		pcl_Debug|Any CPU = pcl_Debug|Any CPU
		pcl_Release|Any CPU = pcl_Release|Any CPU
		Release|Any CPU = Release|Any CPU
		Debug-AOT|Any CPU = Debug-AOT|Any CPU
		Release-Unsigned|Any CPU = Release-Unsigned|Any CPU
		Release-Signed|Any CPU = Release-Signed|Any CPU
		Release-Portable-Unsigned|Any CPU = Release-Portable-Unsigned|Any CPU
		Release-Portable-Signed|Any CPU = Release-Portable-Signed|Any CPU
		Release-UnitySubset-v35|Any CPU = Release-UnitySubset-v35|Any CPU
		Debug-UnitySubset-v35|Any CPU = Debug-UnitySubset-v35|Any CPU
	EndGlobalSection
	GlobalSection(ProjectConfigurationPlatforms) = postSolution
		{363A46E8-D9DD-4F31-9307-73B664E71D45}.Debug|Any CPU.ActiveCfg = Debug|Any CPU
		{363A46E8-D9DD-4F31-9307-73B664E71D45}.Debug|Any CPU.Build.0 = Debug|Any CPU
		{363A46E8-D9DD-4F31-9307-73B664E71D45}.net_2_0_Release|Any CPU.ActiveCfg = Release|Any CPU
		{363A46E8-D9DD-4F31-9307-73B664E71D45}.net_2_0_Release|Any CPU.Build.0 = Release|Any CPU
		{363A46E8-D9DD-4F31-9307-73B664E71D45}.net_3_5_Debug|Any CPU.ActiveCfg = Debug|Any CPU
		{363A46E8-D9DD-4F31-9307-73B664E71D45}.net_3_5_Debug|Any CPU.Build.0 = Debug|Any CPU
		{363A46E8-D9DD-4F31-9307-73B664E71D45}.net_3_5_Release|Any CPU.ActiveCfg = Release|Any CPU
		{363A46E8-D9DD-4F31-9307-73B664E71D45}.net_3_5_Release|Any CPU.Build.0 = Release|Any CPU
		{363A46E8-D9DD-4F31-9307-73B664E71D45}.net_4_0_Debug|Any CPU.ActiveCfg = Debug|Any CPU
		{363A46E8-D9DD-4F31-9307-73B664E71D45}.net_4_0_Debug|Any CPU.Build.0 = Debug|Any CPU
		{363A46E8-D9DD-4F31-9307-73B664E71D45}.net_4_0_Release|Any CPU.ActiveCfg = Release|Any CPU
		{363A46E8-D9DD-4F31-9307-73B664E71D45}.net_4_0_Release|Any CPU.Build.0 = Release|Any CPU
		{363A46E8-D9DD-4F31-9307-73B664E71D45}.net_4_5_Debug|Any CPU.ActiveCfg = Debug|Any CPU
		{363A46E8-D9DD-4F31-9307-73B664E71D45}.net_4_5_Debug|Any CPU.Build.0 = Debug|Any CPU
		{363A46E8-D9DD-4F31-9307-73B664E71D45}.net_4_5_Release|Any CPU.ActiveCfg = Release|Any CPU
		{363A46E8-D9DD-4F31-9307-73B664E71D45}.net_4_5_Release|Any CPU.Build.0 = Release|Any CPU
		{363A46E8-D9DD-4F31-9307-73B664E71D45}.pcl_Debug|Any CPU.ActiveCfg = Debug|Any CPU
		{363A46E8-D9DD-4F31-9307-73B664E71D45}.pcl_Debug|Any CPU.Build.0 = Debug|Any CPU
		{363A46E8-D9DD-4F31-9307-73B664E71D45}.pcl_Release|Any CPU.ActiveCfg = Release|Any CPU
		{363A46E8-D9DD-4F31-9307-73B664E71D45}.pcl_Release|Any CPU.Build.0 = Release|Any CPU
		{363A46E8-D9DD-4F31-9307-73B664E71D45}.Release|Any CPU.ActiveCfg = Release|Any CPU
		{363A46E8-D9DD-4F31-9307-73B664E71D45}.Release|Any CPU.Build.0 = Release|Any CPU
		{363A46E8-D9DD-4F31-9307-73B664E71D45}.Debug-AOT|Any CPU.ActiveCfg = Debug|Any CPU
		{363A46E8-D9DD-4F31-9307-73B664E71D45}.Debug-AOT|Any CPU.Build.0 = Debug|Any CPU
		{363A46E8-D9DD-4F31-9307-73B664E71D45}.Release-Unsigned|Any CPU.ActiveCfg = Debug|Any CPU
		{363A46E8-D9DD-4F31-9307-73B664E71D45}.Release-Unsigned|Any CPU.Build.0 = Debug|Any CPU
		{363A46E8-D9DD-4F31-9307-73B664E71D45}.Release-Signed|Any CPU.ActiveCfg = Debug|Any CPU
		{363A46E8-D9DD-4F31-9307-73B664E71D45}.Release-Signed|Any CPU.Build.0 = Debug|Any CPU
		{363A46E8-D9DD-4F31-9307-73B664E71D45}.Release-Portable-Unsigned|Any CPU.ActiveCfg = Debug|Any CPU
		{363A46E8-D9DD-4F31-9307-73B664E71D45}.Release-Portable-Unsigned|Any CPU.Build.0 = Debug|Any CPU
		{363A46E8-D9DD-4F31-9307-73B664E71D45}.Release-Portable-Signed|Any CPU.ActiveCfg = Debug|Any CPU
		{363A46E8-D9DD-4F31-9307-73B664E71D45}.Release-Portable-Signed|Any CPU.Build.0 = Debug|Any CPU
		{363A46E8-D9DD-4F31-9307-73B664E71D45}.Release-UnitySubset-v35|Any CPU.ActiveCfg = Debug|Any CPU
		{363A46E8-D9DD-4F31-9307-73B664E71D45}.Release-UnitySubset-v35|Any CPU.Build.0 = Debug|Any CPU
		{363A46E8-D9DD-4F31-9307-73B664E71D45}.Debug-UnitySubset-v35|Any CPU.ActiveCfg = Debug|Any CPU
		{363A46E8-D9DD-4F31-9307-73B664E71D45}.Debug-UnitySubset-v35|Any CPU.Build.0 = Debug|Any CPU
		{3C105AF3-D405-4536-B45E-C764D6ED84C7}.Debug|Any CPU.ActiveCfg = Debug|Any CPU
		{3C105AF3-D405-4536-B45E-C764D6ED84C7}.Debug|Any CPU.Build.0 = Debug|Any CPU
		{3C105AF3-D405-4536-B45E-C764D6ED84C7}.net_2_0_Release|Any CPU.ActiveCfg = Release|Any CPU
		{3C105AF3-D405-4536-B45E-C764D6ED84C7}.net_2_0_Release|Any CPU.Build.0 = Release|Any CPU
		{3C105AF3-D405-4536-B45E-C764D6ED84C7}.net_3_5_Debug|Any CPU.ActiveCfg = Debug|Any CPU
		{3C105AF3-D405-4536-B45E-C764D6ED84C7}.net_3_5_Debug|Any CPU.Build.0 = Debug|Any CPU
		{3C105AF3-D405-4536-B45E-C764D6ED84C7}.net_3_5_Release|Any CPU.ActiveCfg = Release|Any CPU
		{3C105AF3-D405-4536-B45E-C764D6ED84C7}.net_3_5_Release|Any CPU.Build.0 = Release|Any CPU
		{3C105AF3-D405-4536-B45E-C764D6ED84C7}.net_4_0_Debug|Any CPU.ActiveCfg = Debug|Any CPU
		{3C105AF3-D405-4536-B45E-C764D6ED84C7}.net_4_0_Debug|Any CPU.Build.0 = Debug|Any CPU
		{3C105AF3-D405-4536-B45E-C764D6ED84C7}.net_4_0_Release|Any CPU.ActiveCfg = Release|Any CPU
		{3C105AF3-D405-4536-B45E-C764D6ED84C7}.net_4_0_Release|Any CPU.Build.0 = Release|Any CPU
		{3C105AF3-D405-4536-B45E-C764D6ED84C7}.net_4_5_Debug|Any CPU.ActiveCfg = Debug|Any CPU
		{3C105AF3-D405-4536-B45E-C764D6ED84C7}.net_4_5_Debug|Any CPU.Build.0 = Debug|Any CPU
		{3C105AF3-D405-4536-B45E-C764D6ED84C7}.net_4_5_Release|Any CPU.ActiveCfg = Release|Any CPU
		{3C105AF3-D405-4536-B45E-C764D6ED84C7}.net_4_5_Release|Any CPU.Build.0 = Release|Any CPU
		{3C105AF3-D405-4536-B45E-C764D6ED84C7}.pcl_Debug|Any CPU.ActiveCfg = Debug|Any CPU
		{3C105AF3-D405-4536-B45E-C764D6ED84C7}.pcl_Debug|Any CPU.Build.0 = Debug|Any CPU
		{3C105AF3-D405-4536-B45E-C764D6ED84C7}.pcl_Release|Any CPU.ActiveCfg = Release|Any CPU
		{3C105AF3-D405-4536-B45E-C764D6ED84C7}.pcl_Release|Any CPU.Build.0 = Release|Any CPU
		{3C105AF3-D405-4536-B45E-C764D6ED84C7}.Release|Any CPU.ActiveCfg = Release|Any CPU
		{3C105AF3-D405-4536-B45E-C764D6ED84C7}.Release|Any CPU.Build.0 = Release|Any CPU
		{3C105AF3-D405-4536-B45E-C764D6ED84C7}.Debug-AOT|Any CPU.ActiveCfg = Debug|Any CPU
		{3C105AF3-D405-4536-B45E-C764D6ED84C7}.Debug-AOT|Any CPU.Build.0 = Debug|Any CPU
		{3C105AF3-D405-4536-B45E-C764D6ED84C7}.Release-Unsigned|Any CPU.ActiveCfg = Debug|Any CPU
		{3C105AF3-D405-4536-B45E-C764D6ED84C7}.Release-Unsigned|Any CPU.Build.0 = Debug|Any CPU
		{3C105AF3-D405-4536-B45E-C764D6ED84C7}.Release-Signed|Any CPU.ActiveCfg = Debug|Any CPU
		{3C105AF3-D405-4536-B45E-C764D6ED84C7}.Release-Signed|Any CPU.Build.0 = Debug|Any CPU
		{3C105AF3-D405-4536-B45E-C764D6ED84C7}.Release-Portable-Unsigned|Any CPU.ActiveCfg = Debug|Any CPU
		{3C105AF3-D405-4536-B45E-C764D6ED84C7}.Release-Portable-Unsigned|Any CPU.Build.0 = Debug|Any CPU
		{3C105AF3-D405-4536-B45E-C764D6ED84C7}.Release-Portable-Signed|Any CPU.ActiveCfg = Debug|Any CPU
		{3C105AF3-D405-4536-B45E-C764D6ED84C7}.Release-Portable-Signed|Any CPU.Build.0 = Debug|Any CPU
		{3C105AF3-D405-4536-B45E-C764D6ED84C7}.Release-UnitySubset-v35|Any CPU.ActiveCfg = Debug|Any CPU
		{3C105AF3-D405-4536-B45E-C764D6ED84C7}.Release-UnitySubset-v35|Any CPU.Build.0 = Debug|Any CPU
		{3C105AF3-D405-4536-B45E-C764D6ED84C7}.Debug-UnitySubset-v35|Any CPU.ActiveCfg = Debug|Any CPU
		{3C105AF3-D405-4536-B45E-C764D6ED84C7}.Debug-UnitySubset-v35|Any CPU.Build.0 = Debug|Any CPU
		{F1235018-66D7-4365-AAB1-1CE170132B4A}.Debug|Any CPU.ActiveCfg = Debug|Any CPU
		{F1235018-66D7-4365-AAB1-1CE170132B4A}.Debug|Any CPU.Build.0 = Debug|Any CPU
		{F1235018-66D7-4365-AAB1-1CE170132B4A}.net_2_0_Release|Any CPU.ActiveCfg = Debug|Any CPU
		{F1235018-66D7-4365-AAB1-1CE170132B4A}.net_2_0_Release|Any CPU.Build.0 = Debug|Any CPU
		{F1235018-66D7-4365-AAB1-1CE170132B4A}.net_3_5_Debug|Any CPU.ActiveCfg = Debug|Any CPU
		{F1235018-66D7-4365-AAB1-1CE170132B4A}.net_3_5_Debug|Any CPU.Build.0 = Debug|Any CPU
		{F1235018-66D7-4365-AAB1-1CE170132B4A}.net_3_5_Release|Any CPU.ActiveCfg = Debug|Any CPU
		{F1235018-66D7-4365-AAB1-1CE170132B4A}.net_3_5_Release|Any CPU.Build.0 = Debug|Any CPU
		{F1235018-66D7-4365-AAB1-1CE170132B4A}.net_4_0_Debug|Any CPU.ActiveCfg = Debug|Any CPU
		{F1235018-66D7-4365-AAB1-1CE170132B4A}.net_4_0_Debug|Any CPU.Build.0 = Debug|Any CPU
		{F1235018-66D7-4365-AAB1-1CE170132B4A}.net_4_0_Release|Any CPU.ActiveCfg = Debug|Any CPU
		{F1235018-66D7-4365-AAB1-1CE170132B4A}.net_4_0_Release|Any CPU.Build.0 = Debug|Any CPU
		{F1235018-66D7-4365-AAB1-1CE170132B4A}.net_4_5_Debug|Any CPU.ActiveCfg = Debug|Any CPU
		{F1235018-66D7-4365-AAB1-1CE170132B4A}.net_4_5_Debug|Any CPU.Build.0 = Debug|Any CPU
		{F1235018-66D7-4365-AAB1-1CE170132B4A}.net_4_5_Release|Any CPU.ActiveCfg = Debug|Any CPU
		{F1235018-66D7-4365-AAB1-1CE170132B4A}.net_4_5_Release|Any CPU.Build.0 = Debug|Any CPU
		{F1235018-66D7-4365-AAB1-1CE170132B4A}.pcl_Debug|Any CPU.ActiveCfg = Debug|Any CPU
		{F1235018-66D7-4365-AAB1-1CE170132B4A}.pcl_Debug|Any CPU.Build.0 = Debug|Any CPU
		{F1235018-66D7-4365-AAB1-1CE170132B4A}.pcl_Release|Any CPU.ActiveCfg = Debug|Any CPU
		{F1235018-66D7-4365-AAB1-1CE170132B4A}.pcl_Release|Any CPU.Build.0 = Debug|Any CPU
		{F1235018-66D7-4365-AAB1-1CE170132B4A}.Release|Any CPU.ActiveCfg = Release|Any CPU
		{F1235018-66D7-4365-AAB1-1CE170132B4A}.Release|Any CPU.Build.0 = Release|Any CPU
		{F1235018-66D7-4365-AAB1-1CE170132B4A}.Debug-AOT|Any CPU.ActiveCfg = Debug|Any CPU
		{F1235018-66D7-4365-AAB1-1CE170132B4A}.Debug-AOT|Any CPU.Build.0 = Debug|Any CPU
		{F1235018-66D7-4365-AAB1-1CE170132B4A}.Release-Unsigned|Any CPU.ActiveCfg = Debug|Any CPU
		{F1235018-66D7-4365-AAB1-1CE170132B4A}.Release-Unsigned|Any CPU.Build.0 = Debug|Any CPU
		{F1235018-66D7-4365-AAB1-1CE170132B4A}.Release-Signed|Any CPU.ActiveCfg = Debug|Any CPU
		{F1235018-66D7-4365-AAB1-1CE170132B4A}.Release-Signed|Any CPU.Build.0 = Debug|Any CPU
		{F1235018-66D7-4365-AAB1-1CE170132B4A}.Release-Portable-Unsigned|Any CPU.ActiveCfg = Debug|Any CPU
		{F1235018-66D7-4365-AAB1-1CE170132B4A}.Release-Portable-Unsigned|Any CPU.Build.0 = Debug|Any CPU
		{F1235018-66D7-4365-AAB1-1CE170132B4A}.Release-Portable-Signed|Any CPU.ActiveCfg = Debug|Any CPU
		{F1235018-66D7-4365-AAB1-1CE170132B4A}.Release-Portable-Signed|Any CPU.Build.0 = Debug|Any CPU
		{F1235018-66D7-4365-AAB1-1CE170132B4A}.Release-UnitySubset-v35|Any CPU.ActiveCfg = Debug|Any CPU
		{F1235018-66D7-4365-AAB1-1CE170132B4A}.Release-UnitySubset-v35|Any CPU.Build.0 = Debug|Any CPU
		{F1235018-66D7-4365-AAB1-1CE170132B4A}.Debug-UnitySubset-v35|Any CPU.ActiveCfg = Debug|Any CPU
		{F1235018-66D7-4365-AAB1-1CE170132B4A}.Debug-UnitySubset-v35|Any CPU.Build.0 = Debug|Any CPU
		{BF32DE1B-6276-4341-B212-F8862ADBBA7A}.Debug|Any CPU.ActiveCfg = Debug|Any CPU
		{BF32DE1B-6276-4341-B212-F8862ADBBA7A}.Debug|Any CPU.Build.0 = Debug|Any CPU
		{BF32DE1B-6276-4341-B212-F8862ADBBA7A}.net_2_0_Release|Any CPU.ActiveCfg = Debug|Any CPU
		{BF32DE1B-6276-4341-B212-F8862ADBBA7A}.net_2_0_Release|Any CPU.Build.0 = Debug|Any CPU
		{BF32DE1B-6276-4341-B212-F8862ADBBA7A}.net_3_5_Debug|Any CPU.ActiveCfg = Debug|Any CPU
		{BF32DE1B-6276-4341-B212-F8862ADBBA7A}.net_3_5_Debug|Any CPU.Build.0 = Debug|Any CPU
		{BF32DE1B-6276-4341-B212-F8862ADBBA7A}.net_3_5_Release|Any CPU.ActiveCfg = Debug|Any CPU
		{BF32DE1B-6276-4341-B212-F8862ADBBA7A}.net_3_5_Release|Any CPU.Build.0 = Debug|Any CPU
		{BF32DE1B-6276-4341-B212-F8862ADBBA7A}.net_4_0_Debug|Any CPU.ActiveCfg = Debug|Any CPU
		{BF32DE1B-6276-4341-B212-F8862ADBBA7A}.net_4_0_Debug|Any CPU.Build.0 = Debug|Any CPU
		{BF32DE1B-6276-4341-B212-F8862ADBBA7A}.net_4_0_Release|Any CPU.ActiveCfg = Debug|Any CPU
		{BF32DE1B-6276-4341-B212-F8862ADBBA7A}.net_4_0_Release|Any CPU.Build.0 = Debug|Any CPU
		{BF32DE1B-6276-4341-B212-F8862ADBBA7A}.net_4_5_Debug|Any CPU.ActiveCfg = Debug|Any CPU
		{BF32DE1B-6276-4341-B212-F8862ADBBA7A}.net_4_5_Debug|Any CPU.Build.0 = Debug|Any CPU
		{BF32DE1B-6276-4341-B212-F8862ADBBA7A}.net_4_5_Release|Any CPU.ActiveCfg = Debug|Any CPU
		{BF32DE1B-6276-4341-B212-F8862ADBBA7A}.net_4_5_Release|Any CPU.Build.0 = Debug|Any CPU
		{BF32DE1B-6276-4341-B212-F8862ADBBA7A}.pcl_Debug|Any CPU.ActiveCfg = Debug|Any CPU
		{BF32DE1B-6276-4341-B212-F8862ADBBA7A}.pcl_Debug|Any CPU.Build.0 = Debug|Any CPU
		{BF32DE1B-6276-4341-B212-F8862ADBBA7A}.pcl_Release|Any CPU.ActiveCfg = Debug|Any CPU
		{BF32DE1B-6276-4341-B212-F8862ADBBA7A}.pcl_Release|Any CPU.Build.0 = Debug|Any CPU
		{BF32DE1B-6276-4341-B212-F8862ADBBA7A}.Release|Any CPU.ActiveCfg = Release-Unsigned|Any CPU
		{BF32DE1B-6276-4341-B212-F8862ADBBA7A}.Release|Any CPU.Build.0 = Release-Unsigned|Any CPU
		{BF32DE1B-6276-4341-B212-F8862ADBBA7A}.Debug-AOT|Any CPU.ActiveCfg = Debug-AOT|Any CPU
		{BF32DE1B-6276-4341-B212-F8862ADBBA7A}.Debug-AOT|Any CPU.Build.0 = Debug-AOT|Any CPU
		{BF32DE1B-6276-4341-B212-F8862ADBBA7A}.Release-Unsigned|Any CPU.ActiveCfg = Release-Unsigned|Any CPU
		{BF32DE1B-6276-4341-B212-F8862ADBBA7A}.Release-Unsigned|Any CPU.Build.0 = Release-Unsigned|Any CPU
		{BF32DE1B-6276-4341-B212-F8862ADBBA7A}.Release-Signed|Any CPU.ActiveCfg = Release-Signed|Any CPU
		{BF32DE1B-6276-4341-B212-F8862ADBBA7A}.Release-Signed|Any CPU.Build.0 = Release-Signed|Any CPU
		{BF32DE1B-6276-4341-B212-F8862ADBBA7A}.Release-Portable-Unsigned|Any CPU.ActiveCfg = Release-Portable-Unsigned|Any CPU
		{BF32DE1B-6276-4341-B212-F8862ADBBA7A}.Release-Portable-Unsigned|Any CPU.Build.0 = Release-Portable-Unsigned|Any CPU
		{BF32DE1B-6276-4341-B212-F8862ADBBA7A}.Release-Portable-Signed|Any CPU.ActiveCfg = Release-Portable-Signed|Any CPU
		{BF32DE1B-6276-4341-B212-F8862ADBBA7A}.Release-Portable-Signed|Any CPU.Build.0 = Release-Portable-Signed|Any CPU
		{BF32DE1B-6276-4341-B212-F8862ADBBA7A}.Release-UnitySubset-v35|Any CPU.ActiveCfg = Release-UnitySubset-v35|Any CPU
		{BF32DE1B-6276-4341-B212-F8862ADBBA7A}.Release-UnitySubset-v35|Any CPU.Build.0 = Release-UnitySubset-v35|Any CPU
		{BF32DE1B-6276-4341-B212-F8862ADBBA7A}.Debug-UnitySubset-v35|Any CPU.ActiveCfg = Debug-UnitySubset-v35|Any CPU
		{BF32DE1B-6276-4341-B212-F8862ADBBA7A}.Debug-UnitySubset-v35|Any CPU.Build.0 = Debug-UnitySubset-v35|Any CPU
	EndGlobalSection
	GlobalSection(SolutionProperties) = preSolution
		HideSolutionNode = FALSE
	EndGlobalSection
	GlobalSection(MonoDevelopProperties) = preSolution
		Policies = $0
		$0.TextStylePolicy = $1
		$1.inheritsSet = VisualStudio
		$1.scope = text/x-csharp
		$1.FileWidth = 120
		$1.NoTabsAfterNonTabs = True
		$1.inheritsScope = text/plain
		$0.CSharpFormattingPolicy = $2
		$2.IndentSwitchSection = True
		$2.NewLinesForBracesInTypes = False
		$2.NewLinesForBracesInMethods = False
		$2.NewLineForMembersInObjectInit = True
		$2.NewLineForMembersInAnonymousTypes = True
		$2.NewLineForClausesInQuery = True
		$2.SpacingAfterMethodDeclarationName = False
		$2.SpaceAfterMethodCallName = False
		$2.SpaceBeforeOpenSquareBracket = False
		$2.inheritsSet = Mono
		$2.inheritsScope = text/x-csharp
		$2.scope = text/x-csharp
	EndGlobalSection
EndGlobal
