
Microsoft Visual Studio Solution File, Format Version 12.00
# Visual Studio 2012
Project("{FAE04EC0-301F-11D3-BF4B-00C04F79EFBC}") = "Assembly-CSharp.BasePre.mm", "Assembly-CSharp.BasePre.mm\Assembly-CSharp.BasePre.mm.csproj", "{EC6C2E23-2BFD-494B-8D02-637314C4B0BB}"
EndProject
Project("{FAE04EC0-301F-11D3-BF4B-00C04F79EFBC}") = "Assembly-CSharp.Base.mm", "Assembly-CSharp.Base.mm\Assembly-CSharp.Base.mm.csproj", "{34E81F62-F88C-44EF-96D9-DBBD2C46DF34}"
EndProject
Project("{FAE04EC0-301F-11D3-BF4B-00C04F79EFBC}") = "UnityEngine.Base.mm", "UnityEngine.Base.mm\UnityEngine.Base.mm.csproj", "{BCD03ACB-E715-4A3D-A4C2-C5717A5D41E4}"
EndProject
Project("{FAE04EC0-301F-11D3-BF4B-00C04F79EFBC}") = "Assembly-CSharp.Core.mm", "Assembly-CSharp.Core.mm\Assembly-CSharp.Core.mm.csproj", "{4473AD38-DAF1-449A-A850-4296D3368413}"
EndProject
Project("{FAE04EC0-301F-11D3-BF4B-00C04F79EFBC}") = "UnityEngine.Core.mm", "UnityEngine.Core.mm\UnityEngine.Core.mm.csproj", "{85EEF778-D1A0-4DFD-8B6C-AF6BE334DB92}"
EndProject
Project("{FAE04EC0-301F-11D3-BF4B-00C04F79EFBC}") = "YamlDotNet", "libs\YamlDotNet\YamlDotNet\YamlDotNet.csproj", "{BF32DE1B-6276-4341-B212-F8862ADBBA7A}"
EndProject
Project("{FAE04EC0-301F-11D3-BF4B-00C04F79EFBC}") = "MonoMod", "libs\MonoMod\MonoMod.csproj", "{8A17C958-5C33-4035-AF76-F94A3AA2DC4F}"
EndProject
Project("{FAE04EC0-301F-11D3-BF4B-00C04F79EFBC}") = "Harmony", "libs\Harmony\Harmony\Harmony.csproj", "{69AEE16A-B6E7-4642-8081-3928B32455DF}"
EndProject
Project("{FAE04EC0-301F-11D3-BF4B-00C04F79EFBC}") = "Assembly-CSharp.TexMod.mm", "Assembly-CSharp.TexMod.mm\Assembly-CSharp.TexMod.mm.csproj", "{8EB10C26-9773-4FB6-93BA-CA0219701A78}"
EndProject
Project("{FAE04EC0-301F-11D3-BF4B-00C04F79EFBC}") = "Assembly-CSharp.Console.mm", "Assembly-CSharp.Console.mm\Assembly-CSharp.Console.mm.csproj", "{0A559AFA-0198-4B30-8BC5-BC86A953EE41}"
EndProject
Project("{FAE04EC0-301F-11D3-BF4B-00C04F79EFBC}") = "Assembly-CSharp.GUI.mm", "Assembly-CSharp.GUI.mm\Assembly-CSharp.GUI.mm.csproj", "{BA34AC90-F2B8-445E-A780-873F7321D975}"
EndProject
Project("{FAE04EC0-301F-11D3-BF4B-00C04F79EFBC}") = "GTKClipboard", "GTKClipboard\GTKClipboard.csproj", "{B5C1D453-0B20-4279-8624-BFE9788DE05C}"
EndProject
Global
	GlobalSection(SolutionConfigurationPlatforms) = preSolution
		Debug|Any CPU = Debug|Any CPU
		Release|Any CPU = Release|Any CPU
		Debug-AOT|Any CPU = Debug-AOT|Any CPU
		Release-Unsigned|Any CPU = Release-Unsigned|Any CPU
		Release-Signed|Any CPU = Release-Signed|Any CPU
		Release-Portable-Unsigned|Any CPU = Release-Portable-Unsigned|Any CPU
		Release-Portable-Signed|Any CPU = Release-Portable-Signed|Any CPU
		Release-UnitySubset-v35|Any CPU = Release-UnitySubset-v35|Any CPU
		Debug-UnitySubset-v35|Any CPU = Debug-UnitySubset-v35|Any CPU
		Debug|x86 = Debug|x86
		Release|x86 = Release|x86
	EndGlobalSection
	GlobalSection(ProjectConfigurationPlatforms) = postSolution
		{EC6C2E23-2BFD-494B-8D02-637314C4B0BB}.Debug|Any CPU.ActiveCfg = Debug|Any CPU
		{EC6C2E23-2BFD-494B-8D02-637314C4B0BB}.Debug|Any CPU.Build.0 = Debug|Any CPU
		{EC6C2E23-2BFD-494B-8D02-637314C4B0BB}.Release|Any CPU.ActiveCfg = Release|Any CPU
		{EC6C2E23-2BFD-494B-8D02-637314C4B0BB}.Release|Any CPU.Build.0 = Release|Any CPU
		{EC6C2E23-2BFD-494B-8D02-637314C4B0BB}.Debug-AOT|Any CPU.ActiveCfg = Debug|Any CPU
		{EC6C2E23-2BFD-494B-8D02-637314C4B0BB}.Debug-AOT|Any CPU.Build.0 = Debug|Any CPU
		{EC6C2E23-2BFD-494B-8D02-637314C4B0BB}.Release-Unsigned|Any CPU.ActiveCfg = Debug|Any CPU
		{EC6C2E23-2BFD-494B-8D02-637314C4B0BB}.Release-Unsigned|Any CPU.Build.0 = Debug|Any CPU
		{EC6C2E23-2BFD-494B-8D02-637314C4B0BB}.Release-Signed|Any CPU.ActiveCfg = Debug|Any CPU
		{EC6C2E23-2BFD-494B-8D02-637314C4B0BB}.Release-Signed|Any CPU.Build.0 = Debug|Any CPU
		{EC6C2E23-2BFD-494B-8D02-637314C4B0BB}.Release-Portable-Unsigned|Any CPU.ActiveCfg = Debug|Any CPU
		{EC6C2E23-2BFD-494B-8D02-637314C4B0BB}.Release-Portable-Unsigned|Any CPU.Build.0 = Debug|Any CPU
		{EC6C2E23-2BFD-494B-8D02-637314C4B0BB}.Release-Portable-Signed|Any CPU.ActiveCfg = Debug|Any CPU
		{EC6C2E23-2BFD-494B-8D02-637314C4B0BB}.Release-Portable-Signed|Any CPU.Build.0 = Debug|Any CPU
		{EC6C2E23-2BFD-494B-8D02-637314C4B0BB}.Release-UnitySubset-v35|Any CPU.ActiveCfg = Debug|Any CPU
		{EC6C2E23-2BFD-494B-8D02-637314C4B0BB}.Release-UnitySubset-v35|Any CPU.Build.0 = Debug|Any CPU
		{EC6C2E23-2BFD-494B-8D02-637314C4B0BB}.Debug-UnitySubset-v35|Any CPU.ActiveCfg = Debug|Any CPU
		{EC6C2E23-2BFD-494B-8D02-637314C4B0BB}.Debug-UnitySubset-v35|Any CPU.Build.0 = Debug|Any CPU
		{EC6C2E23-2BFD-494B-8D02-637314C4B0BB}.Debug|x86.ActiveCfg = Debug|Any CPU
		{EC6C2E23-2BFD-494B-8D02-637314C4B0BB}.Debug|x86.Build.0 = Debug|Any CPU
		{EC6C2E23-2BFD-494B-8D02-637314C4B0BB}.Release|x86.ActiveCfg = Release|Any CPU
		{EC6C2E23-2BFD-494B-8D02-637314C4B0BB}.Release|x86.Build.0 = Release|Any CPU
		{34E81F62-F88C-44EF-96D9-DBBD2C46DF34}.Debug|Any CPU.ActiveCfg = Debug|Any CPU
		{34E81F62-F88C-44EF-96D9-DBBD2C46DF34}.Debug|Any CPU.Build.0 = Debug|Any CPU
		{34E81F62-F88C-44EF-96D9-DBBD2C46DF34}.Release|Any CPU.ActiveCfg = Release|Any CPU
		{34E81F62-F88C-44EF-96D9-DBBD2C46DF34}.Release|Any CPU.Build.0 = Release|Any CPU
		{34E81F62-F88C-44EF-96D9-DBBD2C46DF34}.Debug-AOT|Any CPU.ActiveCfg = Debug|Any CPU
		{34E81F62-F88C-44EF-96D9-DBBD2C46DF34}.Debug-AOT|Any CPU.Build.0 = Debug|Any CPU
		{34E81F62-F88C-44EF-96D9-DBBD2C46DF34}.Release-Unsigned|Any CPU.ActiveCfg = Debug|Any CPU
		{34E81F62-F88C-44EF-96D9-DBBD2C46DF34}.Release-Unsigned|Any CPU.Build.0 = Debug|Any CPU
		{34E81F62-F88C-44EF-96D9-DBBD2C46DF34}.Release-Signed|Any CPU.ActiveCfg = Debug|Any CPU
		{34E81F62-F88C-44EF-96D9-DBBD2C46DF34}.Release-Signed|Any CPU.Build.0 = Debug|Any CPU
		{34E81F62-F88C-44EF-96D9-DBBD2C46DF34}.Release-Portable-Unsigned|Any CPU.ActiveCfg = Debug|Any CPU
		{34E81F62-F88C-44EF-96D9-DBBD2C46DF34}.Release-Portable-Unsigned|Any CPU.Build.0 = Debug|Any CPU
		{34E81F62-F88C-44EF-96D9-DBBD2C46DF34}.Release-Portable-Signed|Any CPU.ActiveCfg = Debug|Any CPU
		{34E81F62-F88C-44EF-96D9-DBBD2C46DF34}.Release-Portable-Signed|Any CPU.Build.0 = Debug|Any CPU
		{34E81F62-F88C-44EF-96D9-DBBD2C46DF34}.Release-UnitySubset-v35|Any CPU.ActiveCfg = Debug|Any CPU
		{34E81F62-F88C-44EF-96D9-DBBD2C46DF34}.Release-UnitySubset-v35|Any CPU.Build.0 = Debug|Any CPU
		{34E81F62-F88C-44EF-96D9-DBBD2C46DF34}.Debug-UnitySubset-v35|Any CPU.ActiveCfg = Debug|Any CPU
		{34E81F62-F88C-44EF-96D9-DBBD2C46DF34}.Debug-UnitySubset-v35|Any CPU.Build.0 = Debug|Any CPU
		{34E81F62-F88C-44EF-96D9-DBBD2C46DF34}.Debug|x86.ActiveCfg = Debug|Any CPU
		{34E81F62-F88C-44EF-96D9-DBBD2C46DF34}.Debug|x86.Build.0 = Debug|Any CPU
		{34E81F62-F88C-44EF-96D9-DBBD2C46DF34}.Release|x86.ActiveCfg = Release|Any CPU
		{34E81F62-F88C-44EF-96D9-DBBD2C46DF34}.Release|x86.Build.0 = Release|Any CPU
		{BCD03ACB-E715-4A3D-A4C2-C5717A5D41E4}.Debug|Any CPU.ActiveCfg = Debug|Any CPU
		{BCD03ACB-E715-4A3D-A4C2-C5717A5D41E4}.Debug|Any CPU.Build.0 = Debug|Any CPU
		{BCD03ACB-E715-4A3D-A4C2-C5717A5D41E4}.Release|Any CPU.ActiveCfg = Release|Any CPU
		{BCD03ACB-E715-4A3D-A4C2-C5717A5D41E4}.Release|Any CPU.Build.0 = Release|Any CPU
		{BCD03ACB-E715-4A3D-A4C2-C5717A5D41E4}.Debug-AOT|Any CPU.ActiveCfg = Debug|Any CPU
		{BCD03ACB-E715-4A3D-A4C2-C5717A5D41E4}.Debug-AOT|Any CPU.Build.0 = Debug|Any CPU
		{BCD03ACB-E715-4A3D-A4C2-C5717A5D41E4}.Release-Unsigned|Any CPU.ActiveCfg = Debug|Any CPU
		{BCD03ACB-E715-4A3D-A4C2-C5717A5D41E4}.Release-Unsigned|Any CPU.Build.0 = Debug|Any CPU
		{BCD03ACB-E715-4A3D-A4C2-C5717A5D41E4}.Release-Signed|Any CPU.ActiveCfg = Debug|Any CPU
		{BCD03ACB-E715-4A3D-A4C2-C5717A5D41E4}.Release-Signed|Any CPU.Build.0 = Debug|Any CPU
		{BCD03ACB-E715-4A3D-A4C2-C5717A5D41E4}.Release-Portable-Unsigned|Any CPU.ActiveCfg = Debug|Any CPU
		{BCD03ACB-E715-4A3D-A4C2-C5717A5D41E4}.Release-Portable-Unsigned|Any CPU.Build.0 = Debug|Any CPU
		{BCD03ACB-E715-4A3D-A4C2-C5717A5D41E4}.Release-Portable-Signed|Any CPU.ActiveCfg = Debug|Any CPU
		{BCD03ACB-E715-4A3D-A4C2-C5717A5D41E4}.Release-Portable-Signed|Any CPU.Build.0 = Debug|Any CPU
		{BCD03ACB-E715-4A3D-A4C2-C5717A5D41E4}.Release-UnitySubset-v35|Any CPU.ActiveCfg = Debug|Any CPU
		{BCD03ACB-E715-4A3D-A4C2-C5717A5D41E4}.Release-UnitySubset-v35|Any CPU.Build.0 = Debug|Any CPU
		{BCD03ACB-E715-4A3D-A4C2-C5717A5D41E4}.Debug-UnitySubset-v35|Any CPU.ActiveCfg = Debug|Any CPU
		{BCD03ACB-E715-4A3D-A4C2-C5717A5D41E4}.Debug-UnitySubset-v35|Any CPU.Build.0 = Debug|Any CPU
		{BCD03ACB-E715-4A3D-A4C2-C5717A5D41E4}.Debug|x86.ActiveCfg = Debug|Any CPU
		{BCD03ACB-E715-4A3D-A4C2-C5717A5D41E4}.Debug|x86.Build.0 = Debug|Any CPU
		{BCD03ACB-E715-4A3D-A4C2-C5717A5D41E4}.Release|x86.ActiveCfg = Release|Any CPU
		{BCD03ACB-E715-4A3D-A4C2-C5717A5D41E4}.Release|x86.Build.0 = Release|Any CPU
		{4473AD38-DAF1-449A-A850-4296D3368413}.Debug|Any CPU.ActiveCfg = Debug|Any CPU
		{4473AD38-DAF1-449A-A850-4296D3368413}.Debug|Any CPU.Build.0 = Debug|Any CPU
		{4473AD38-DAF1-449A-A850-4296D3368413}.Release|Any CPU.ActiveCfg = Release|Any CPU
		{4473AD38-DAF1-449A-A850-4296D3368413}.Release|Any CPU.Build.0 = Release|Any CPU
		{4473AD38-DAF1-449A-A850-4296D3368413}.Debug-AOT|Any CPU.ActiveCfg = Debug|Any CPU
		{4473AD38-DAF1-449A-A850-4296D3368413}.Debug-AOT|Any CPU.Build.0 = Debug|Any CPU
		{4473AD38-DAF1-449A-A850-4296D3368413}.Release-Unsigned|Any CPU.ActiveCfg = Debug|Any CPU
		{4473AD38-DAF1-449A-A850-4296D3368413}.Release-Unsigned|Any CPU.Build.0 = Debug|Any CPU
		{4473AD38-DAF1-449A-A850-4296D3368413}.Release-Signed|Any CPU.ActiveCfg = Debug|Any CPU
		{4473AD38-DAF1-449A-A850-4296D3368413}.Release-Signed|Any CPU.Build.0 = Debug|Any CPU
		{4473AD38-DAF1-449A-A850-4296D3368413}.Release-Portable-Unsigned|Any CPU.ActiveCfg = Debug|Any CPU
		{4473AD38-DAF1-449A-A850-4296D3368413}.Release-Portable-Unsigned|Any CPU.Build.0 = Debug|Any CPU
		{4473AD38-DAF1-449A-A850-4296D3368413}.Release-Portable-Signed|Any CPU.ActiveCfg = Debug|Any CPU
		{4473AD38-DAF1-449A-A850-4296D3368413}.Release-Portable-Signed|Any CPU.Build.0 = Debug|Any CPU
		{4473AD38-DAF1-449A-A850-4296D3368413}.Release-UnitySubset-v35|Any CPU.ActiveCfg = Debug|Any CPU
		{4473AD38-DAF1-449A-A850-4296D3368413}.Release-UnitySubset-v35|Any CPU.Build.0 = Debug|Any CPU
		{4473AD38-DAF1-449A-A850-4296D3368413}.Debug-UnitySubset-v35|Any CPU.ActiveCfg = Debug|Any CPU
		{4473AD38-DAF1-449A-A850-4296D3368413}.Debug-UnitySubset-v35|Any CPU.Build.0 = Debug|Any CPU
		{4473AD38-DAF1-449A-A850-4296D3368413}.Debug|x86.ActiveCfg = Debug|Any CPU
		{4473AD38-DAF1-449A-A850-4296D3368413}.Debug|x86.Build.0 = Debug|Any CPU
		{4473AD38-DAF1-449A-A850-4296D3368413}.Release|x86.ActiveCfg = Release|Any CPU
		{4473AD38-DAF1-449A-A850-4296D3368413}.Release|x86.Build.0 = Release|Any CPU
		{85EEF778-D1A0-4DFD-8B6C-AF6BE334DB92}.Debug|Any CPU.ActiveCfg = Debug|Any CPU
		{85EEF778-D1A0-4DFD-8B6C-AF6BE334DB92}.Debug|Any CPU.Build.0 = Debug|Any CPU
		{85EEF778-D1A0-4DFD-8B6C-AF6BE334DB92}.Release|Any CPU.ActiveCfg = Release|Any CPU
		{85EEF778-D1A0-4DFD-8B6C-AF6BE334DB92}.Release|Any CPU.Build.0 = Release|Any CPU
		{85EEF778-D1A0-4DFD-8B6C-AF6BE334DB92}.Debug-AOT|Any CPU.ActiveCfg = Debug|Any CPU
		{85EEF778-D1A0-4DFD-8B6C-AF6BE334DB92}.Debug-AOT|Any CPU.Build.0 = Debug|Any CPU
		{85EEF778-D1A0-4DFD-8B6C-AF6BE334DB92}.Release-Unsigned|Any CPU.ActiveCfg = Debug|Any CPU
		{85EEF778-D1A0-4DFD-8B6C-AF6BE334DB92}.Release-Unsigned|Any CPU.Build.0 = Debug|Any CPU
		{85EEF778-D1A0-4DFD-8B6C-AF6BE334DB92}.Release-Signed|Any CPU.ActiveCfg = Debug|Any CPU
		{85EEF778-D1A0-4DFD-8B6C-AF6BE334DB92}.Release-Signed|Any CPU.Build.0 = Debug|Any CPU
		{85EEF778-D1A0-4DFD-8B6C-AF6BE334DB92}.Release-Portable-Unsigned|Any CPU.ActiveCfg = Debug|Any CPU
		{85EEF778-D1A0-4DFD-8B6C-AF6BE334DB92}.Release-Portable-Unsigned|Any CPU.Build.0 = Debug|Any CPU
		{85EEF778-D1A0-4DFD-8B6C-AF6BE334DB92}.Release-Portable-Signed|Any CPU.ActiveCfg = Debug|Any CPU
		{85EEF778-D1A0-4DFD-8B6C-AF6BE334DB92}.Release-Portable-Signed|Any CPU.Build.0 = Debug|Any CPU
		{85EEF778-D1A0-4DFD-8B6C-AF6BE334DB92}.Release-UnitySubset-v35|Any CPU.ActiveCfg = Debug|Any CPU
		{85EEF778-D1A0-4DFD-8B6C-AF6BE334DB92}.Release-UnitySubset-v35|Any CPU.Build.0 = Debug|Any CPU
		{85EEF778-D1A0-4DFD-8B6C-AF6BE334DB92}.Debug-UnitySubset-v35|Any CPU.ActiveCfg = Debug|Any CPU
		{85EEF778-D1A0-4DFD-8B6C-AF6BE334DB92}.Debug-UnitySubset-v35|Any CPU.Build.0 = Debug|Any CPU
		{85EEF778-D1A0-4DFD-8B6C-AF6BE334DB92}.Debug|x86.ActiveCfg = Debug|Any CPU
		{85EEF778-D1A0-4DFD-8B6C-AF6BE334DB92}.Debug|x86.Build.0 = Debug|Any CPU
		{85EEF778-D1A0-4DFD-8B6C-AF6BE334DB92}.Release|x86.ActiveCfg = Release|Any CPU
		{85EEF778-D1A0-4DFD-8B6C-AF6BE334DB92}.Release|x86.Build.0 = Release|Any CPU
		{BF32DE1B-6276-4341-B212-F8862ADBBA7A}.Debug|Any CPU.ActiveCfg = Debug|Any CPU
		{BF32DE1B-6276-4341-B212-F8862ADBBA7A}.Debug|Any CPU.Build.0 = Debug|Any CPU
		{BF32DE1B-6276-4341-B212-F8862ADBBA7A}.Release|Any CPU.ActiveCfg = Debug|Any CPU
		{BF32DE1B-6276-4341-B212-F8862ADBBA7A}.Release|Any CPU.Build.0 = Debug|Any CPU
		{BF32DE1B-6276-4341-B212-F8862ADBBA7A}.Debug-AOT|Any CPU.ActiveCfg = Debug-AOT|Any CPU
		{BF32DE1B-6276-4341-B212-F8862ADBBA7A}.Debug-AOT|Any CPU.Build.0 = Debug-AOT|Any CPU
		{BF32DE1B-6276-4341-B212-F8862ADBBA7A}.Release-Unsigned|Any CPU.ActiveCfg = Release-Unsigned|Any CPU
		{BF32DE1B-6276-4341-B212-F8862ADBBA7A}.Release-Unsigned|Any CPU.Build.0 = Release-Unsigned|Any CPU
		{BF32DE1B-6276-4341-B212-F8862ADBBA7A}.Release-Signed|Any CPU.ActiveCfg = Release-Signed|Any CPU
		{BF32DE1B-6276-4341-B212-F8862ADBBA7A}.Release-Signed|Any CPU.Build.0 = Release-Signed|Any CPU
		{BF32DE1B-6276-4341-B212-F8862ADBBA7A}.Release-Portable-Unsigned|Any CPU.ActiveCfg = Release-Portable-Unsigned|Any CPU
		{BF32DE1B-6276-4341-B212-F8862ADBBA7A}.Release-Portable-Unsigned|Any CPU.Build.0 = Release-Portable-Unsigned|Any CPU
		{BF32DE1B-6276-4341-B212-F8862ADBBA7A}.Release-Portable-Signed|Any CPU.ActiveCfg = Release-Portable-Signed|Any CPU
		{BF32DE1B-6276-4341-B212-F8862ADBBA7A}.Release-Portable-Signed|Any CPU.Build.0 = Release-Portable-Signed|Any CPU
		{BF32DE1B-6276-4341-B212-F8862ADBBA7A}.Release-UnitySubset-v35|Any CPU.ActiveCfg = Release-UnitySubset-v35|Any CPU
		{BF32DE1B-6276-4341-B212-F8862ADBBA7A}.Release-UnitySubset-v35|Any CPU.Build.0 = Release-UnitySubset-v35|Any CPU
		{BF32DE1B-6276-4341-B212-F8862ADBBA7A}.Debug-UnitySubset-v35|Any CPU.ActiveCfg = Debug-UnitySubset-v35|Any CPU
		{BF32DE1B-6276-4341-B212-F8862ADBBA7A}.Debug-UnitySubset-v35|Any CPU.Build.0 = Debug-UnitySubset-v35|Any CPU
		{BF32DE1B-6276-4341-B212-F8862ADBBA7A}.Debug|x86.ActiveCfg = Debug|Any CPU
		{BF32DE1B-6276-4341-B212-F8862ADBBA7A}.Debug|x86.Build.0 = Debug|Any CPU
		{BF32DE1B-6276-4341-B212-F8862ADBBA7A}.Release|x86.ActiveCfg = Debug|Any CPU
		{BF32DE1B-6276-4341-B212-F8862ADBBA7A}.Release|x86.Build.0 = Debug|Any CPU
		{8A17C958-5C33-4035-AF76-F94A3AA2DC4F}.Debug|Any CPU.ActiveCfg = Debug|x86
		{8A17C958-5C33-4035-AF76-F94A3AA2DC4F}.Debug|Any CPU.Build.0 = Debug|x86
		{8A17C958-5C33-4035-AF76-F94A3AA2DC4F}.Release|Any CPU.ActiveCfg = Release|x86
		{8A17C958-5C33-4035-AF76-F94A3AA2DC4F}.Release|Any CPU.Build.0 = Release|x86
		{8A17C958-5C33-4035-AF76-F94A3AA2DC4F}.Debug-AOT|Any CPU.ActiveCfg = Debug|x86
		{8A17C958-5C33-4035-AF76-F94A3AA2DC4F}.Debug-AOT|Any CPU.Build.0 = Debug|x86
		{8A17C958-5C33-4035-AF76-F94A3AA2DC4F}.Release-Unsigned|Any CPU.ActiveCfg = Debug|x86
		{8A17C958-5C33-4035-AF76-F94A3AA2DC4F}.Release-Unsigned|Any CPU.Build.0 = Debug|x86
		{8A17C958-5C33-4035-AF76-F94A3AA2DC4F}.Release-Signed|Any CPU.ActiveCfg = Debug|x86
		{8A17C958-5C33-4035-AF76-F94A3AA2DC4F}.Release-Signed|Any CPU.Build.0 = Debug|x86
		{8A17C958-5C33-4035-AF76-F94A3AA2DC4F}.Release-Portable-Unsigned|Any CPU.ActiveCfg = Debug|x86
		{8A17C958-5C33-4035-AF76-F94A3AA2DC4F}.Release-Portable-Unsigned|Any CPU.Build.0 = Debug|x86
		{8A17C958-5C33-4035-AF76-F94A3AA2DC4F}.Release-Portable-Signed|Any CPU.ActiveCfg = Debug|x86
		{8A17C958-5C33-4035-AF76-F94A3AA2DC4F}.Release-Portable-Signed|Any CPU.Build.0 = Debug|x86
		{8A17C958-5C33-4035-AF76-F94A3AA2DC4F}.Release-UnitySubset-v35|Any CPU.ActiveCfg = Debug|x86
		{8A17C958-5C33-4035-AF76-F94A3AA2DC4F}.Release-UnitySubset-v35|Any CPU.Build.0 = Debug|x86
		{8A17C958-5C33-4035-AF76-F94A3AA2DC4F}.Debug-UnitySubset-v35|Any CPU.ActiveCfg = Debug|x86
		{8A17C958-5C33-4035-AF76-F94A3AA2DC4F}.Debug-UnitySubset-v35|Any CPU.Build.0 = Debug|x86
		{8A17C958-5C33-4035-AF76-F94A3AA2DC4F}.Debug|x86.ActiveCfg = Debug|x86
		{8A17C958-5C33-4035-AF76-F94A3AA2DC4F}.Debug|x86.Build.0 = Debug|x86
		{8A17C958-5C33-4035-AF76-F94A3AA2DC4F}.Release|x86.ActiveCfg = Release|x86
		{8A17C958-5C33-4035-AF76-F94A3AA2DC4F}.Release|x86.Build.0 = Release|x86
		{69AEE16A-B6E7-4642-8081-3928B32455DF}.Debug|Any CPU.ActiveCfg = Debug|Any CPU
		{69AEE16A-B6E7-4642-8081-3928B32455DF}.Debug|Any CPU.Build.0 = Debug|Any CPU
		{69AEE16A-B6E7-4642-8081-3928B32455DF}.Release|Any CPU.ActiveCfg = Release|Any CPU
		{69AEE16A-B6E7-4642-8081-3928B32455DF}.Release|Any CPU.Build.0 = Release|Any CPU
		{69AEE16A-B6E7-4642-8081-3928B32455DF}.Debug-AOT|Any CPU.ActiveCfg = Debug|Any CPU
		{69AEE16A-B6E7-4642-8081-3928B32455DF}.Debug-AOT|Any CPU.Build.0 = Debug|Any CPU
		{69AEE16A-B6E7-4642-8081-3928B32455DF}.Release-Unsigned|Any CPU.ActiveCfg = Debug|Any CPU
		{69AEE16A-B6E7-4642-8081-3928B32455DF}.Release-Unsigned|Any CPU.Build.0 = Debug|Any CPU
		{69AEE16A-B6E7-4642-8081-3928B32455DF}.Release-Signed|Any CPU.ActiveCfg = Debug|Any CPU
		{69AEE16A-B6E7-4642-8081-3928B32455DF}.Release-Signed|Any CPU.Build.0 = Debug|Any CPU
		{69AEE16A-B6E7-4642-8081-3928B32455DF}.Release-Portable-Unsigned|Any CPU.ActiveCfg = Debug|Any CPU
		{69AEE16A-B6E7-4642-8081-3928B32455DF}.Release-Portable-Unsigned|Any CPU.Build.0 = Debug|Any CPU
		{69AEE16A-B6E7-4642-8081-3928B32455DF}.Release-Portable-Signed|Any CPU.ActiveCfg = Debug|Any CPU
		{69AEE16A-B6E7-4642-8081-3928B32455DF}.Release-Portable-Signed|Any CPU.Build.0 = Debug|Any CPU
		{69AEE16A-B6E7-4642-8081-3928B32455DF}.Release-UnitySubset-v35|Any CPU.ActiveCfg = Debug|Any CPU
		{69AEE16A-B6E7-4642-8081-3928B32455DF}.Release-UnitySubset-v35|Any CPU.Build.0 = Debug|Any CPU
		{69AEE16A-B6E7-4642-8081-3928B32455DF}.Debug-UnitySubset-v35|Any CPU.ActiveCfg = Debug|Any CPU
		{69AEE16A-B6E7-4642-8081-3928B32455DF}.Debug-UnitySubset-v35|Any CPU.Build.0 = Debug|Any CPU
		{69AEE16A-B6E7-4642-8081-3928B32455DF}.Debug|x86.ActiveCfg = Debug|Any CPU
		{69AEE16A-B6E7-4642-8081-3928B32455DF}.Debug|x86.Build.0 = Debug|Any CPU
		{69AEE16A-B6E7-4642-8081-3928B32455DF}.Release|x86.ActiveCfg = Release|Any CPU
		{69AEE16A-B6E7-4642-8081-3928B32455DF}.Release|x86.Build.0 = Release|Any CPU
		{8EB10C26-9773-4FB6-93BA-CA0219701A78}.Debug|Any CPU.ActiveCfg = Debug|Any CPU
		{8EB10C26-9773-4FB6-93BA-CA0219701A78}.Debug|Any CPU.Build.0 = Debug|Any CPU
		{8EB10C26-9773-4FB6-93BA-CA0219701A78}.Release|Any CPU.ActiveCfg = Release|Any CPU
		{8EB10C26-9773-4FB6-93BA-CA0219701A78}.Release|Any CPU.Build.0 = Release|Any CPU
		{8EB10C26-9773-4FB6-93BA-CA0219701A78}.Debug-AOT|Any CPU.ActiveCfg = Debug|Any CPU
		{8EB10C26-9773-4FB6-93BA-CA0219701A78}.Debug-AOT|Any CPU.Build.0 = Debug|Any CPU
		{8EB10C26-9773-4FB6-93BA-CA0219701A78}.Release-Unsigned|Any CPU.ActiveCfg = Debug|Any CPU
		{8EB10C26-9773-4FB6-93BA-CA0219701A78}.Release-Unsigned|Any CPU.Build.0 = Debug|Any CPU
		{8EB10C26-9773-4FB6-93BA-CA0219701A78}.Release-Signed|Any CPU.ActiveCfg = Debug|Any CPU
		{8EB10C26-9773-4FB6-93BA-CA0219701A78}.Release-Signed|Any CPU.Build.0 = Debug|Any CPU
		{8EB10C26-9773-4FB6-93BA-CA0219701A78}.Release-Portable-Unsigned|Any CPU.ActiveCfg = Debug|Any CPU
		{8EB10C26-9773-4FB6-93BA-CA0219701A78}.Release-Portable-Unsigned|Any CPU.Build.0 = Debug|Any CPU
		{8EB10C26-9773-4FB6-93BA-CA0219701A78}.Release-Portable-Signed|Any CPU.ActiveCfg = Debug|Any CPU
		{8EB10C26-9773-4FB6-93BA-CA0219701A78}.Release-Portable-Signed|Any CPU.Build.0 = Debug|Any CPU
		{8EB10C26-9773-4FB6-93BA-CA0219701A78}.Release-UnitySubset-v35|Any CPU.ActiveCfg = Debug|Any CPU
		{8EB10C26-9773-4FB6-93BA-CA0219701A78}.Release-UnitySubset-v35|Any CPU.Build.0 = Debug|Any CPU
		{8EB10C26-9773-4FB6-93BA-CA0219701A78}.Debug-UnitySubset-v35|Any CPU.ActiveCfg = Debug|Any CPU
		{8EB10C26-9773-4FB6-93BA-CA0219701A78}.Debug-UnitySubset-v35|Any CPU.Build.0 = Debug|Any CPU
		{8EB10C26-9773-4FB6-93BA-CA0219701A78}.Debug|x86.ActiveCfg = Debug|Any CPU
		{8EB10C26-9773-4FB6-93BA-CA0219701A78}.Debug|x86.Build.0 = Debug|Any CPU
		{8EB10C26-9773-4FB6-93BA-CA0219701A78}.Release|x86.ActiveCfg = Release|Any CPU
		{8EB10C26-9773-4FB6-93BA-CA0219701A78}.Release|x86.Build.0 = Release|Any CPU
		{0A559AFA-0198-4B30-8BC5-BC86A953EE41}.Debug|Any CPU.ActiveCfg = Debug|Any CPU
		{0A559AFA-0198-4B30-8BC5-BC86A953EE41}.Debug|Any CPU.Build.0 = Debug|Any CPU
		{0A559AFA-0198-4B30-8BC5-BC86A953EE41}.Release|Any CPU.ActiveCfg = Release|Any CPU
		{0A559AFA-0198-4B30-8BC5-BC86A953EE41}.Release|Any CPU.Build.0 = Release|Any CPU
		{0A559AFA-0198-4B30-8BC5-BC86A953EE41}.Debug-AOT|Any CPU.ActiveCfg = Debug|Any CPU
		{0A559AFA-0198-4B30-8BC5-BC86A953EE41}.Debug-AOT|Any CPU.Build.0 = Debug|Any CPU
		{0A559AFA-0198-4B30-8BC5-BC86A953EE41}.Release-Unsigned|Any CPU.ActiveCfg = Debug|Any CPU
		{0A559AFA-0198-4B30-8BC5-BC86A953EE41}.Release-Unsigned|Any CPU.Build.0 = Debug|Any CPU
		{0A559AFA-0198-4B30-8BC5-BC86A953EE41}.Release-Signed|Any CPU.ActiveCfg = Debug|Any CPU
		{0A559AFA-0198-4B30-8BC5-BC86A953EE41}.Release-Signed|Any CPU.Build.0 = Debug|Any CPU
		{0A559AFA-0198-4B30-8BC5-BC86A953EE41}.Release-Portable-Unsigned|Any CPU.ActiveCfg = Debug|Any CPU
		{0A559AFA-0198-4B30-8BC5-BC86A953EE41}.Release-Portable-Unsigned|Any CPU.Build.0 = Debug|Any CPU
		{0A559AFA-0198-4B30-8BC5-BC86A953EE41}.Release-Portable-Signed|Any CPU.ActiveCfg = Debug|Any CPU
		{0A559AFA-0198-4B30-8BC5-BC86A953EE41}.Release-Portable-Signed|Any CPU.Build.0 = Debug|Any CPU
		{0A559AFA-0198-4B30-8BC5-BC86A953EE41}.Release-UnitySubset-v35|Any CPU.ActiveCfg = Debug|Any CPU
		{0A559AFA-0198-4B30-8BC5-BC86A953EE41}.Release-UnitySubset-v35|Any CPU.Build.0 = Debug|Any CPU
		{0A559AFA-0198-4B30-8BC5-BC86A953EE41}.Debug-UnitySubset-v35|Any CPU.ActiveCfg = Debug|Any CPU
		{0A559AFA-0198-4B30-8BC5-BC86A953EE41}.Debug-UnitySubset-v35|Any CPU.Build.0 = Debug|Any CPU
		{0A559AFA-0198-4B30-8BC5-BC86A953EE41}.Debug|x86.ActiveCfg = Debug|Any CPU
		{0A559AFA-0198-4B30-8BC5-BC86A953EE41}.Debug|x86.Build.0 = Debug|Any CPU
		{0A559AFA-0198-4B30-8BC5-BC86A953EE41}.Release|x86.ActiveCfg = Release|Any CPU
		{0A559AFA-0198-4B30-8BC5-BC86A953EE41}.Release|x86.Build.0 = Release|Any CPU
		{BA34AC90-F2B8-445E-A780-873F7321D975}.Debug|Any CPU.ActiveCfg = Debug|Any CPU
		{BA34AC90-F2B8-445E-A780-873F7321D975}.Debug|Any CPU.Build.0 = Debug|Any CPU
		{BA34AC90-F2B8-445E-A780-873F7321D975}.Release|Any CPU.ActiveCfg = Release|Any CPU
		{BA34AC90-F2B8-445E-A780-873F7321D975}.Release|Any CPU.Build.0 = Release|Any CPU
		{BA34AC90-F2B8-445E-A780-873F7321D975}.Debug-AOT|Any CPU.ActiveCfg = Debug|Any CPU
		{BA34AC90-F2B8-445E-A780-873F7321D975}.Debug-AOT|Any CPU.Build.0 = Debug|Any CPU
		{BA34AC90-F2B8-445E-A780-873F7321D975}.Release-Unsigned|Any CPU.ActiveCfg = Debug|Any CPU
		{BA34AC90-F2B8-445E-A780-873F7321D975}.Release-Unsigned|Any CPU.Build.0 = Debug|Any CPU
		{BA34AC90-F2B8-445E-A780-873F7321D975}.Release-Signed|Any CPU.ActiveCfg = Debug|Any CPU
		{BA34AC90-F2B8-445E-A780-873F7321D975}.Release-Signed|Any CPU.Build.0 = Debug|Any CPU
		{BA34AC90-F2B8-445E-A780-873F7321D975}.Release-Portable-Unsigned|Any CPU.ActiveCfg = Debug|Any CPU
		{BA34AC90-F2B8-445E-A780-873F7321D975}.Release-Portable-Unsigned|Any CPU.Build.0 = Debug|Any CPU
		{BA34AC90-F2B8-445E-A780-873F7321D975}.Release-Portable-Signed|Any CPU.ActiveCfg = Debug|Any CPU
		{BA34AC90-F2B8-445E-A780-873F7321D975}.Release-Portable-Signed|Any CPU.Build.0 = Debug|Any CPU
		{BA34AC90-F2B8-445E-A780-873F7321D975}.Release-UnitySubset-v35|Any CPU.ActiveCfg = Debug|Any CPU
		{BA34AC90-F2B8-445E-A780-873F7321D975}.Release-UnitySubset-v35|Any CPU.Build.0 = Debug|Any CPU
		{BA34AC90-F2B8-445E-A780-873F7321D975}.Debug-UnitySubset-v35|Any CPU.ActiveCfg = Debug|Any CPU
		{BA34AC90-F2B8-445E-A780-873F7321D975}.Debug-UnitySubset-v35|Any CPU.Build.0 = Debug|Any CPU
		{BA34AC90-F2B8-445E-A780-873F7321D975}.Debug|x86.ActiveCfg = Debug|Any CPU
		{BA34AC90-F2B8-445E-A780-873F7321D975}.Debug|x86.Build.0 = Debug|Any CPU
		{BA34AC90-F2B8-445E-A780-873F7321D975}.Release|x86.ActiveCfg = Release|Any CPU
		{BA34AC90-F2B8-445E-A780-873F7321D975}.Release|x86.Build.0 = Release|Any CPU
		{B5C1D453-0B20-4279-8624-BFE9788DE05C}.Debug|Any CPU.ActiveCfg = Debug|Any CPU
		{B5C1D453-0B20-4279-8624-BFE9788DE05C}.Debug|Any CPU.Build.0 = Debug|Any CPU
		{B5C1D453-0B20-4279-8624-BFE9788DE05C}.Release|Any CPU.ActiveCfg = Release|Any CPU
		{B5C1D453-0B20-4279-8624-BFE9788DE05C}.Release|Any CPU.Build.0 = Release|Any CPU
		{B5C1D453-0B20-4279-8624-BFE9788DE05C}.Debug-AOT|Any CPU.ActiveCfg = Debug|Any CPU
		{B5C1D453-0B20-4279-8624-BFE9788DE05C}.Debug-AOT|Any CPU.Build.0 = Debug|Any CPU
		{B5C1D453-0B20-4279-8624-BFE9788DE05C}.Release-Unsigned|Any CPU.ActiveCfg = Debug|Any CPU
		{B5C1D453-0B20-4279-8624-BFE9788DE05C}.Release-Unsigned|Any CPU.Build.0 = Debug|Any CPU
		{B5C1D453-0B20-4279-8624-BFE9788DE05C}.Release-Signed|Any CPU.ActiveCfg = Debug|Any CPU
		{B5C1D453-0B20-4279-8624-BFE9788DE05C}.Release-Signed|Any CPU.Build.0 = Debug|Any CPU
		{B5C1D453-0B20-4279-8624-BFE9788DE05C}.Release-Portable-Unsigned|Any CPU.ActiveCfg = Debug|Any CPU
		{B5C1D453-0B20-4279-8624-BFE9788DE05C}.Release-Portable-Unsigned|Any CPU.Build.0 = Debug|Any CPU
		{B5C1D453-0B20-4279-8624-BFE9788DE05C}.Release-Portable-Signed|Any CPU.ActiveCfg = Debug|Any CPU
		{B5C1D453-0B20-4279-8624-BFE9788DE05C}.Release-Portable-Signed|Any CPU.Build.0 = Debug|Any CPU
		{B5C1D453-0B20-4279-8624-BFE9788DE05C}.Release-UnitySubset-v35|Any CPU.ActiveCfg = Debug|Any CPU
		{B5C1D453-0B20-4279-8624-BFE9788DE05C}.Release-UnitySubset-v35|Any CPU.Build.0 = Debug|Any CPU
		{B5C1D453-0B20-4279-8624-BFE9788DE05C}.Debug-UnitySubset-v35|Any CPU.ActiveCfg = Debug|Any CPU
		{B5C1D453-0B20-4279-8624-BFE9788DE05C}.Debug-UnitySubset-v35|Any CPU.Build.0 = Debug|Any CPU
		{B5C1D453-0B20-4279-8624-BFE9788DE05C}.Debug|x86.ActiveCfg = Debug|Any CPU
		{B5C1D453-0B20-4279-8624-BFE9788DE05C}.Debug|x86.Build.0 = Debug|Any CPU
		{B5C1D453-0B20-4279-8624-BFE9788DE05C}.Release|x86.ActiveCfg = Release|Any CPU
		{B5C1D453-0B20-4279-8624-BFE9788DE05C}.Release|x86.Build.0 = Release|Any CPU
	EndGlobalSection
	GlobalSection(MonoDevelopProperties) = preSolution
		Policies = $0
		$0.TextStylePolicy = $1
		$1.FileWidth = 120
		$1.inheritsSet = VisualStudio
		$1.inheritsScope = text/plain
		$1.scope = text/x-csharp
		$0.CSharpFormattingPolicy = $2
		$2.NewLinesForBracesInTypes = False
		$2.NewLinesForBracesInMethods = False
		$2.NewLineForMembersInObjectInit = True
		$2.NewLineForMembersInAnonymousTypes = True
		$2.NewLineForClausesInQuery = True
		$2.SpacingAfterMethodDeclarationName = False
		$2.SpaceAfterMethodCallName = False
		$2.SpaceBeforeOpenSquareBracket = False
		$2.inheritsSet = Mono
		$2.inheritsScope = text/x-csharp
		$2.scope = text/x-csharp
	EndGlobalSection
EndGlobal
